
Microsoft Visual Studio Solution File, Format Version 12.00
# Visual Studio Version 16
VisualStudioVersion = 16.0.31402.337
MinimumVisualStudioVersion = 10.0.40219.1
Project("{FAE04EC0-301F-11D3-BF4B-00C04F79EFBC}") = "Test", "Test\Test.csproj", "{ADDB46F6-BC37-47CC-AFF3-CF4140F0806D}"
EndProject
Global
	GlobalSection(SolutionConfigurationPlatforms) = preSolution
		Debug|Any CPU = Debug|Any CPU
		Release|Any CPU = Release|Any CPU
	EndGlobalSection
	GlobalSection(ProjectConfigurationPlatforms) = postSolution
		{ADDB46F6-BC37-47CC-AFF3-CF4140F0806D}.Debug|Any CPU.ActiveCfg = Debug|Any CPU
		{ADDB46F6-BC37-47CC-AFF3-CF4140F0806D}.Debug|Any CPU.Build.0 = Debug|Any CPU
		{ADDB46F6-BC37-47CC-AFF3-CF4140F0806D}.Release|Any CPU.ActiveCfg = Release|Any CPU
		{ADDB46F6-BC37-47CC-AFF3-CF4140F0806D}.Release|Any CPU.Build.0 = Release|Any CPU
	EndGlobalSection
	GlobalSection(SolutionProperties) = preSolution
		HideSolutionNode = FALSE
	EndGlobalSection
	GlobalSection(ExtensibilityGlobals) = postSolution
		SolutionGuid = {6E0C2BA8-587F-4E2C-B85E-C5AE09EC7B3D}
	EndGlobalSection
EndGlobal
